
Microsoft Visual Studio Solution File, Format Version 12.00
# Visual Studio Version 17
VisualStudioVersion = 17.10.34928.147
MinimumVisualStudioVersion = 10.0.40219.1
Project("{FAE04EC0-301F-11D3-BF4B-00C04F79EFBC}") = "BlankSheet", "BlankSheet.csproj", "{AFA44F04-73AE-4C8A-8028-2321DA75ED5B}"
EndProject
Global
	GlobalSection(SolutionConfigurationPlatforms) = preSolution
		Debug|Any CPU = Debug|Any CPU
		Release|Any CPU = Release|Any CPU
	EndGlobalSection
	GlobalSection(ProjectConfigurationPlatforms) = postSolution
		{AFA44F04-73AE-4C8A-8028-2321DA75ED5B}.Debug|Any CPU.ActiveCfg = Debug|Any CPU
		{AFA44F04-73AE-4C8A-8028-2321DA75ED5B}.Debug|Any CPU.Build.0 = Debug|Any CPU
		{AFA44F04-73AE-4C8A-8028-2321DA75ED5B}.Release|Any CPU.ActiveCfg = Release|Any CPU
		{AFA44F04-73AE-4C8A-8028-2321DA75ED5B}.Release|Any CPU.Build.0 = Release|Any CPU
	EndGlobalSection
	GlobalSection(SolutionProperties) = preSolution
		HideSolutionNode = FALSE
	EndGlobalSection
	GlobalSection(ExtensibilityGlobals) = postSolution
		SolutionGuid = {6F5D3370-B186-40BF-B701-475419CC13FD}
	EndGlobalSection
EndGlobal
